
Microsoft Visual Studio Solution File, Format Version 12.00
# Visual Studio 14
VisualStudioVersion = 14.0.25420.1
MinimumVisualStudioVersion = 10.0.40219.1
Project("{FAE04EC0-301F-11D3-BF4B-00C04F79EFBC}") = "InterfazRegistroAlumnos", "InterfazRegistroAlumnos\InterfazRegistroAlumnos.csproj", "{BEC7C5B4-B75A-49F0-9520-0A326BCEAFAC}"
EndProject
Global
	GlobalSection(SolutionConfigurationPlatforms) = preSolution
		Debug|Any CPU = Debug|Any CPU
		Release|Any CPU = Release|Any CPU
	EndGlobalSection
	GlobalSection(ProjectConfigurationPlatforms) = postSolution
		{BEC7C5B4-B75A-49F0-9520-0A326BCEAFAC}.Debug|Any CPU.ActiveCfg = Debug|Any CPU
		{BEC7C5B4-B75A-49F0-9520-0A326BCEAFAC}.Debug|Any CPU.Build.0 = Debug|Any CPU
		{BEC7C5B4-B75A-49F0-9520-0A326BCEAFAC}.Release|Any CPU.ActiveCfg = Release|Any CPU
		{BEC7C5B4-B75A-49F0-9520-0A326BCEAFAC}.Release|Any CPU.Build.0 = Release|Any CPU
	EndGlobalSection
	GlobalSection(SolutionProperties) = preSolution
		HideSolutionNode = FALSE
	EndGlobalSection
EndGlobal
